
Microsoft Visual Studio Solution File, Format Version 12.00
# Visual Studio Version 17
VisualStudioVersion = 17.13.35828.75 d17.13
MinimumVisualStudioVersion = 10.0.40219.1
Project("{FAE04EC0-301F-11D3-BF4B-00C04F79EFBC}") = "Algoritimo4", "Algoritimo4\Algoritimo4.csproj", "{09EA04F6-AD91-4070-A585-1D7334F7FD9C}"
EndProject
Global
	GlobalSection(SolutionConfigurationPlatforms) = preSolution
		Debug|Any CPU = Debug|Any CPU
		Release|Any CPU = Release|Any CPU
	EndGlobalSection
	GlobalSection(ProjectConfigurationPlatforms) = postSolution
		{09EA04F6-AD91-4070-A585-1D7334F7FD9C}.Debug|Any CPU.ActiveCfg = Debug|Any CPU
		{09EA04F6-AD91-4070-A585-1D7334F7FD9C}.Debug|Any CPU.Build.0 = Debug|Any CPU
		{09EA04F6-AD91-4070-A585-1D7334F7FD9C}.Release|Any CPU.ActiveCfg = Release|Any CPU
		{09EA04F6-AD91-4070-A585-1D7334F7FD9C}.Release|Any CPU.Build.0 = Release|Any CPU
	EndGlobalSection
	GlobalSection(SolutionProperties) = preSolution
		HideSolutionNode = FALSE
	EndGlobalSection
	GlobalSection(ExtensibilityGlobals) = postSolution
		SolutionGuid = {B4776522-09C1-467E-B3C5-765EDBE9C044}
	EndGlobalSection
EndGlobal
